
Microsoft Visual Studio Solution File, Format Version 12.00
# Visual Studio 15
VisualStudioVersion = 15.0.27130.2010
MinimumVisualStudioVersion = 10.0.40219.1
Project("{FAE04EC0-301F-11D3-BF4B-00C04F79EFBC}") = "ProyectoBase", "ProyectoBase\ProyectoBase.csproj", "{9D38AD1C-4E47-4F9F-9C6E-159EE493293B}"
EndProject
Project("{FAE04EC0-301F-11D3-BF4B-00C04F79EFBC}") = "ProyectoBaseDataAccess", "ProyectoBaseDataAccess\ProyectoBaseDataAccess.csproj", "{7796BCDE-F9E6-4509-86E1-9FB4A6C84153}"
EndProject
Project("{FAE04EC0-301F-11D3-BF4B-00C04F79EFBC}") = "ProyectoBaseWebApi", "ProyectoBaseWebApi\ProyectoBaseWebApi.csproj", "{5B0C2517-8D4B-447F-A6EC-D6F75DF14D2A}"
EndProject
Global
	GlobalSection(SolutionConfigurationPlatforms) = preSolution
		Debug|Any CPU = Debug|Any CPU
		Release|Any CPU = Release|Any CPU
	EndGlobalSection
	GlobalSection(ProjectConfigurationPlatforms) = postSolution
		{9D38AD1C-4E47-4F9F-9C6E-159EE493293B}.Debug|Any CPU.ActiveCfg = Debug|Any CPU
		{9D38AD1C-4E47-4F9F-9C6E-159EE493293B}.Debug|Any CPU.Build.0 = Debug|Any CPU
		{9D38AD1C-4E47-4F9F-9C6E-159EE493293B}.Release|Any CPU.ActiveCfg = Release|Any CPU
		{9D38AD1C-4E47-4F9F-9C6E-159EE493293B}.Release|Any CPU.Build.0 = Release|Any CPU
		{7796BCDE-F9E6-4509-86E1-9FB4A6C84153}.Debug|Any CPU.ActiveCfg = Debug|Any CPU
		{7796BCDE-F9E6-4509-86E1-9FB4A6C84153}.Debug|Any CPU.Build.0 = Debug|Any CPU
		{7796BCDE-F9E6-4509-86E1-9FB4A6C84153}.Release|Any CPU.ActiveCfg = Release|Any CPU
		{7796BCDE-F9E6-4509-86E1-9FB4A6C84153}.Release|Any CPU.Build.0 = Release|Any CPU
		{5B0C2517-8D4B-447F-A6EC-D6F75DF14D2A}.Debug|Any CPU.ActiveCfg = Debug|Any CPU
		{5B0C2517-8D4B-447F-A6EC-D6F75DF14D2A}.Debug|Any CPU.Build.0 = Debug|Any CPU
		{5B0C2517-8D4B-447F-A6EC-D6F75DF14D2A}.Release|Any CPU.ActiveCfg = Release|Any CPU
		{5B0C2517-8D4B-447F-A6EC-D6F75DF14D2A}.Release|Any CPU.Build.0 = Release|Any CPU
	EndGlobalSection
	GlobalSection(SolutionProperties) = preSolution
		HideSolutionNode = FALSE
	EndGlobalSection
	GlobalSection(ExtensibilityGlobals) = postSolution
		SolutionGuid = {1B855F4A-39BE-4B17-B394-2B85E076C3DE}
	EndGlobalSection
EndGlobal
